// !$*UTF8*$!
{
	archiveVersion = 1;
	classes = {
	};
	objectVersion = 56;
	objects = {

/* Begin PBXBuildFile section */
		3B1273B52A20BEF400154FD1 /* AppDelegate.swift in Sources */ = {isa = PBXBuildFile; fileRef = 3B1273B42A20BEF400154FD1 /* AppDelegate.swift */; };
		3B1273B72A20BEF400154FD1 /* SceneDelegate.swift in Sources */ = {isa = PBXBuildFile; fileRef = 3B1273B62A20BEF400154FD1 /* SceneDelegate.swift */; };
		3B1273B92A20BEF400154FD1 /* SearchViewController.swift in Sources */ = {isa = PBXBuildFile; fileRef = 3B1273B82A20BEF400154FD1 /* SearchViewController.swift */; };
		3B1273BC2A20BEF400154FD1 /* Main.storyboard in Resources */ = {isa = PBXBuildFile; fileRef = 3B1273BA2A20BEF400154FD1 /* Main.storyboard */; };
		3B1273BE2A20BEF500154FD1 /* Assets.xcassets in Resources */ = {isa = PBXBuildFile; fileRef = 3B1273BD2A20BEF500154FD1 /* Assets.xcassets */; };
		3B1273C12A20BEF500154FD1 /* LaunchScreen.storyboard in Resources */ = {isa = PBXBuildFile; fileRef = 3B1273BF2A20BEF500154FD1 /* LaunchScreen.storyboard */; };
		3B1273D12A20C92B00154FD1 /* NetworkPackage in Frameworks */ = {isa = PBXBuildFile; productRef = 3B1273D02A20C92B00154FD1 /* NetworkPackage */; };
		3B1273D32A20CA5500154FD1 /* Word.swift in Sources */ = {isa = PBXBuildFile; fileRef = 3B1273D22A20CA5500154FD1 /* Word.swift */; };
		3B1273D52A20CF8E00154FD1 /* Synonym.swift in Sources */ = {isa = PBXBuildFile; fileRef = 3B1273D42A20CF8E00154FD1 /* Synonym.swift */; };
		3B81BA8C2A249AFD0064CDBE /* MeaningsTableViewCell.swift in Sources */ = {isa = PBXBuildFile; fileRef = 3B81BA8A2A249AFD0064CDBE /* MeaningsTableViewCell.swift */; };
		3B81BA8D2A249AFD0064CDBE /* MeaningsTableViewCell.xib in Resources */ = {isa = PBXBuildFile; fileRef = 3B81BA8B2A249AFD0064CDBE /* MeaningsTableViewCell.xib */; };
		3B9BEC252A263BA9005B204F /* RecentSearch.xcdatamodeld in Sources */ = {isa = PBXBuildFile; fileRef = 3B9BEC232A263BA9005B204F /* RecentSearch.xcdatamodeld */; };
		3BC135552A256F7B0068BD28 /* SearchViewModel.swift in Sources */ = {isa = PBXBuildFile; fileRef = 3BC135542A256F7B0068BD28 /* SearchViewModel.swift */; };
		3BD10C712A21FFE800AE715E /* RecentSearchTableViewCell.swift in Sources */ = {isa = PBXBuildFile; fileRef = 3BD10C6F2A21FFE800AE715E /* RecentSearchTableViewCell.swift */; };
		3BD10C722A21FFE800AE715E /* RecentSearchTableViewCell.xib in Resources */ = {isa = PBXBuildFile; fileRef = 3BD10C702A21FFE800AE715E /* RecentSearchTableViewCell.xib */; };
		3BDAA4692A22147900B66847 /* DetailViewController.swift in Sources */ = {isa = PBXBuildFile; fileRef = 3BDAA4682A22147900B66847 /* DetailViewController.swift */; };
		3BDAA4732A236DAF00B66847 /* SynCollectionViewCell.swift in Sources */ = {isa = PBXBuildFile; fileRef = 3BDAA4712A236DAF00B66847 /* SynCollectionViewCell.swift */; };
		3BDAA4742A236DAF00B66847 /* SynCollectionViewCell.xib in Resources */ = {isa = PBXBuildFile; fileRef = 3BDAA4722A236DAF00B66847 /* SynCollectionViewCell.xib */; };
/* End PBXBuildFile section */

/* Begin PBXFileReference section */
		3B1273B12A20BEF400154FD1 /* WordsApp.app */ = {isa = PBXFileReference; explicitFileType = wrapper.application; includeInIndex = 0; path = WordsApp.app; sourceTree = BUILT_PRODUCTS_DIR; };
		3B1273B42A20BEF400154FD1 /* AppDelegate.swift */ = {isa = PBXFileReference; lastKnownFileType = sourcecode.swift; path = AppDelegate.swift; sourceTree = "<group>"; };
		3B1273B62A20BEF400154FD1 /* SceneDelegate.swift */ = {isa = PBXFileReference; lastKnownFileType = sourcecode.swift; path = SceneDelegate.swift; sourceTree = "<group>"; };
		3B1273B82A20BEF400154FD1 /* SearchViewController.swift */ = {isa = PBXFileReference; lastKnownFileType = sourcecode.swift; path = SearchViewController.swift; sourceTree = "<group>"; };
		3B1273BB2A20BEF400154FD1 /* Base */ = {isa = PBXFileReference; lastKnownFileType = file.storyboard; name = Base; path = Base.lproj/Main.storyboard; sourceTree = "<group>"; };
		3B1273BD2A20BEF500154FD1 /* Assets.xcassets */ = {isa = PBXFileReference; lastKnownFileType = folder.assetcatalog; path = Assets.xcassets; sourceTree = "<group>"; };
		3B1273C02A20BEF500154FD1 /* Base */ = {isa = PBXFileReference; lastKnownFileType = file.storyboard; name = Base; path = Base.lproj/LaunchScreen.storyboard; sourceTree = "<group>"; };
		3B1273C22A20BEF500154FD1 /* Info.plist */ = {isa = PBXFileReference; lastKnownFileType = text.plist.xml; path = Info.plist; sourceTree = "<group>"; };
		3B1273CE2A20C2ED00154FD1 /* NetworkPackage */ = {isa = PBXFileReference; lastKnownFileType = wrapper; path = NetworkPackage; sourceTree = "<group>"; };
		3B1273D22A20CA5500154FD1 /* Word.swift */ = {isa = PBXFileReference; lastKnownFileType = sourcecode.swift; path = Word.swift; sourceTree = "<group>"; };
		3B1273D42A20CF8E00154FD1 /* Synonym.swift */ = {isa = PBXFileReference; lastKnownFileType = sourcecode.swift; path = Synonym.swift; sourceTree = "<group>"; };
		3B81BA8A2A249AFD0064CDBE /* MeaningsTableViewCell.swift */ = {isa = PBXFileReference; lastKnownFileType = sourcecode.swift; path = MeaningsTableViewCell.swift; sourceTree = "<group>"; };
		3B81BA8B2A249AFD0064CDBE /* MeaningsTableViewCell.xib */ = {isa = PBXFileReference; lastKnownFileType = file.xib; path = MeaningsTableViewCell.xib; sourceTree = "<group>"; };
		3B9BEC242A263BA9005B204F /* RecentSearch.xcdatamodel */ = {isa = PBXFileReference; lastKnownFileType = wrapper.xcdatamodel; path = RecentSearch.xcdatamodel; sourceTree = "<group>"; };
		3BC135542A256F7B0068BD28 /* SearchViewModel.swift */ = {isa = PBXFileReference; lastKnownFileType = sourcecode.swift; path = SearchViewModel.swift; sourceTree = "<group>"; };
		3BD10C6F2A21FFE800AE715E /* RecentSearchTableViewCell.swift */ = {isa = PBXFileReference; lastKnownFileType = sourcecode.swift; path = RecentSearchTableViewCell.swift; sourceTree = "<group>"; };
		3BD10C702A21FFE800AE715E /* RecentSearchTableViewCell.xib */ = {isa = PBXFileReference; lastKnownFileType = file.xib; path = RecentSearchTableViewCell.xib; sourceTree = "<group>"; };
		3BDAA4682A22147900B66847 /* DetailViewController.swift */ = {isa = PBXFileReference; lastKnownFileType = sourcecode.swift; path = DetailViewController.swift; sourceTree = "<group>"; };
		3BDAA4712A236DAF00B66847 /* SynCollectionViewCell.swift */ = {isa = PBXFileReference; lastKnownFileType = sourcecode.swift; path = SynCollectionViewCell.swift; sourceTree = "<group>"; };
		3BDAA4722A236DAF00B66847 /* SynCollectionViewCell.xib */ = {isa = PBXFileReference; lastKnownFileType = file.xib; path = SynCollectionViewCell.xib; sourceTree = "<group>"; };
/* End PBXFileReference section */

/* Begin PBXFrameworksBuildPhase section */
		3B1273AE2A20BEF400154FD1 /* Frameworks */ = {
			isa = PBXFrameworksBuildPhase;
			buildActionMask = 2147483647;
			files = (
				3B1273D12A20C92B00154FD1 /* NetworkPackage in Frameworks */,
			);
			runOnlyForDeploymentPostprocessing = 0;
		};
/* End PBXFrameworksBuildPhase section */

/* Begin PBXGroup section */
		3B1273A82A20BEF400154FD1 = {
			isa = PBXGroup;
			children = (
				3B1273CE2A20C2ED00154FD1 /* NetworkPackage */,
				3B1273B32A20BEF400154FD1 /* WordsApp */,
				3B1273B22A20BEF400154FD1 /* Products */,
				3B1273CF2A20C92B00154FD1 /* Frameworks */,
			);
			sourceTree = "<group>";
		};
		3B1273B22A20BEF400154FD1 /* Products */ = {
			isa = PBXGroup;
			children = (
				3B1273B12A20BEF400154FD1 /* WordsApp.app */,
			);
			name = Products;
			sourceTree = "<group>";
		};
		3B1273B32A20BEF400154FD1 /* WordsApp */ = {
			isa = PBXGroup;
			children = (
				3B1273CB2A20C03A00154FD1 /* Storyboards */,
				3B1273CA2A20C01100154FD1 /* Cells */,
				3B1273C92A20C00700154FD1 /* Model */,
				3B1273C82A20BFFD00154FD1 /* Scenes */,
				3B1273B42A20BEF400154FD1 /* AppDelegate.swift */,
				3B1273B62A20BEF400154FD1 /* SceneDelegate.swift */,
				3B1273BD2A20BEF500154FD1 /* Assets.xcassets */,
				3B1273C22A20BEF500154FD1 /* Info.plist */,
				3B9BEC232A263BA9005B204F /* RecentSearch.xcdatamodeld */,
			);
			path = WordsApp;
			sourceTree = "<group>";
		};
		3B1273C82A20BFFD00154FD1 /* Scenes */ = {
			isa = PBXGroup;
			children = (
				3B1273CD2A20C1FA00154FD1 /* DetailPage */,
				3B1273CC2A20C1EA00154FD1 /* SearchPage */,
			);
			path = Scenes;
			sourceTree = "<group>";
		};
		3B1273C92A20C00700154FD1 /* Model */ = {
			isa = PBXGroup;
			children = (
				3B1273D22A20CA5500154FD1 /* Word.swift */,
				3B1273D42A20CF8E00154FD1 /* Synonym.swift */,
			);
			path = Model;
			sourceTree = "<group>";
		};
		3B1273CA2A20C01100154FD1 /* Cells */ = {
			isa = PBXGroup;
			children = (
				3B81BA892A249AB30064CDBE /* Meanings */,
				3B81BA882A2499FC0064CDBE /* Synonym */,
				3BD10C6E2A21FFAB00AE715E /* RecentSearch */,
			);
			path = Cells;
			sourceTree = "<group>";
		};
		3B1273CB2A20C03A00154FD1 /* Storyboards */ = {
			isa = PBXGroup;
			children = (
				3B1273BF2A20BEF500154FD1 /* LaunchScreen.storyboard */,
				3B1273BA2A20BEF400154FD1 /* Main.storyboard */,
			);
			path = Storyboards;
			sourceTree = "<group>";
		};
		3B1273CC2A20C1EA00154FD1 /* SearchPage */ = {
			isa = PBXGroup;
			children = (
				3B1273B82A20BEF400154FD1 /* SearchViewController.swift */,
				3BC135542A256F7B0068BD28 /* SearchViewModel.swift */,
			);
			path = SearchPage;
			sourceTree = "<group>";
		};
		3B1273CD2A20C1FA00154FD1 /* DetailPage */ = {
			isa = PBXGroup;
			children = (
				3BDAA4682A22147900B66847 /* DetailViewController.swift */,
			);
			path = DetailPage;
			sourceTree = "<group>";
		};
		3B1273CF2A20C92B00154FD1 /* Frameworks */ = {
			isa = PBXGroup;
			children = (
			);
			name = Frameworks;
			sourceTree = "<group>";
		};
		3B81BA882A2499FC0064CDBE /* Synonym */ = {
			isa = PBXGroup;
			children = (
				3BDAA4712A236DAF00B66847 /* SynCollectionViewCell.swift */,
				3BDAA4722A236DAF00B66847 /* SynCollectionViewCell.xib */,
			);
			path = Synonym;
			sourceTree = "<group>";
		};
		3B81BA892A249AB30064CDBE /* Meanings */ = {
			isa = PBXGroup;
			children = (
				3B81BA8A2A249AFD0064CDBE /* MeaningsTableViewCell.swift */,
				3B81BA8B2A249AFD0064CDBE /* MeaningsTableViewCell.xib */,
			);
			path = Meanings;
			sourceTree = "<group>";
		};
		3BD10C6E2A21FFAB00AE715E /* RecentSearch */ = {
			isa = PBXGroup;
			children = (
				3BD10C6F2A21FFE800AE715E /* RecentSearchTableViewCell.swift */,
				3BD10C702A21FFE800AE715E /* RecentSearchTableViewCell.xib */,
			);
			path = RecentSearch;
			sourceTree = "<group>";
		};
/* End PBXGroup section */

/* Begin PBXNativeTarget section */
		3B1273B02A20BEF400154FD1 /* WordsApp */ = {
			isa = PBXNativeTarget;
			buildConfigurationList = 3B1273C52A20BEF500154FD1 /* Build configuration list for PBXNativeTarget "WordsApp" */;
			buildPhases = (
				3B1273AD2A20BEF400154FD1 /* Sources */,
				3B1273AE2A20BEF400154FD1 /* Frameworks */,
				3B1273AF2A20BEF400154FD1 /* Resources */,
			);
			buildRules = (
			);
			dependencies = (
			);
			name = WordsApp;
			packageProductDependencies = (
				3B1273D02A20C92B00154FD1 /* NetworkPackage */,
			);
			productName = WordsApp;
			productReference = 3B1273B12A20BEF400154FD1 /* WordsApp.app */;
			productType = "com.apple.product-type.application";
		};
/* End PBXNativeTarget section */

/* Begin PBXProject section */
		3B1273A92A20BEF400154FD1 /* Project object */ = {
			isa = PBXProject;
			attributes = {
				BuildIndependentTargetsInParallel = 1;
				LastSwiftUpdateCheck = 1420;
				LastUpgradeCheck = 1420;
				TargetAttributes = {
					3B1273B02A20BEF400154FD1 = {
						CreatedOnToolsVersion = 14.2;
					};
				};
			};
			buildConfigurationList = 3B1273AC2A20BEF400154FD1 /* Build configuration list for PBXProject "WordsApp" */;
			compatibilityVersion = "Xcode 14.0";
			developmentRegion = en;
			hasScannedForEncodings = 0;
			knownRegions = (
				en,
				Base,
			);
			mainGroup = 3B1273A82A20BEF400154FD1;
			productRefGroup = 3B1273B22A20BEF400154FD1 /* Products */;
			projectDirPath = "";
			projectRoot = "";
			targets = (
				3B1273B02A20BEF400154FD1 /* WordsApp */,
			);
		};
/* End PBXProject section */

/* Begin PBXResourcesBuildPhase section */
		3B1273AF2A20BEF400154FD1 /* Resources */ = {
			isa = PBXResourcesBuildPhase;
			buildActionMask = 2147483647;
			files = (
				3BD10C722A21FFE800AE715E /* RecentSearchTableViewCell.xib in Resources */,
				3B1273C12A20BEF500154FD1 /* LaunchScreen.storyboard in Resources */,
				3B1273BE2A20BEF500154FD1 /* Assets.xcassets in Resources */,
				3B81BA8D2A249AFD0064CDBE /* MeaningsTableViewCell.xib in Resources */,
				3BDAA4742A236DAF00B66847 /* SynCollectionViewCell.xib in Resources */,
				3B1273BC2A20BEF400154FD1 /* Main.storyboard in Resources */,
			);
			runOnlyForDeploymentPostprocessing = 0;
		};
/* End PBXResourcesBuildPhase section */

/* Begin PBXSourcesBuildPhase section */
		3B1273AD2A20BEF400154FD1 /* Sources */ = {
			isa = PBXSourcesBuildPhase;
			buildActionMask = 2147483647;
			files = (
				3B1273B92A20BEF400154FD1 /* SearchViewController.swift in Sources */,
				3B1273D32A20CA5500154FD1 /* Word.swift in Sources */,
				3BDAA4732A236DAF00B66847 /* SynCollectionViewCell.swift in Sources */,
				3BD10C712A21FFE800AE715E /* RecentSearchTableViewCell.swift in Sources */,
				3B1273D52A20CF8E00154FD1 /* Synonym.swift in Sources */,
				3B1273B52A20BEF400154FD1 /* AppDelegate.swift in Sources */,
				3BC135552A256F7B0068BD28 /* SearchViewModel.swift in Sources */,
				3B1273B72A20BEF400154FD1 /* SceneDelegate.swift in Sources */,
				3B9BEC252A263BA9005B204F /* RecentSearch.xcdatamodeld in Sources */,
				3BDAA4692A22147900B66847 /* DetailViewController.swift in Sources */,
				3B81BA8C2A249AFD0064CDBE /* MeaningsTableViewCell.swift in Sources */,
			);
			runOnlyForDeploymentPostprocessing = 0;
		};
/* End PBXSourcesBuildPhase section */

/* Begin PBXVariantGroup section */
		3B1273BA2A20BEF400154FD1 /* Main.storyboard */ = {
			isa = PBXVariantGroup;
			children = (
				3B1273BB2A20BEF400154FD1 /* Base */,
			);
			name = Main.storyboard;
			sourceTree = "<group>";
		};
		3B1273BF2A20BEF500154FD1 /* LaunchScreen.storyboard */ = {
			isa = PBXVariantGroup;
			children = (
				3B1273C02A20BEF500154FD1 /* Base */,
			);
			name = LaunchScreen.storyboard;
			sourceTree = "<group>";
		};
/* End PBXVariantGroup section */

/* Begin XCBuildConfiguration section */
		3B1273C32A20BEF500154FD1 /* Debug */ = {
			isa = XCBuildConfiguration;
			buildSettings = {
				ALWAYS_SEARCH_USER_PATHS = NO;
				CLANG_ANALYZER_NONNULL = YES;
				CLANG_ANALYZER_NUMBER_OBJECT_CONVERSION = YES_AGGRESSIVE;
				CLANG_CXX_LANGUAGE_STANDARD = "gnu++20";
				CLANG_ENABLE_MODULES = YES;
				CLANG_ENABLE_OBJC_ARC = YES;
				CLANG_ENABLE_OBJC_WEAK = YES;
				CLANG_WARN_BLOCK_CAPTURE_AUTORELEASING = YES;
				CLANG_WARN_BOOL_CONVERSION = YES;
				CLANG_WARN_COMMA = YES;
				CLANG_WARN_CONSTANT_CONVERSION = YES;
				CLANG_WARN_DEPRECATED_OBJC_IMPLEMENTATIONS = YES;
				CLANG_WARN_DIRECT_OBJC_ISA_USAGE = YES_ERROR;
				CLANG_WARN_DOCUMENTATION_COMMENTS = YES;
				CLANG_WARN_EMPTY_BODY = YES;
				CLANG_WARN_ENUM_CONVERSION = YES;
				CLANG_WARN_INFINITE_RECURSION = YES;
				CLANG_WARN_INT_CONVERSION = YES;
				CLANG_WARN_NON_LITERAL_NULL_CONVERSION = YES;
				CLANG_WARN_OBJC_IMPLICIT_RETAIN_SELF = YES;
				CLANG_WARN_OBJC_LITERAL_CONVERSION = YES;
				CLANG_WARN_OBJC_ROOT_CLASS = YES_ERROR;
				CLANG_WARN_QUOTED_INCLUDE_IN_FRAMEWORK_HEADER = YES;
				CLANG_WARN_RANGE_LOOP_ANALYSIS = YES;
				CLANG_WARN_STRICT_PROTOTYPES = YES;
				CLANG_WARN_SUSPICIOUS_MOVE = YES;
				CLANG_WARN_UNGUARDED_AVAILABILITY = YES_AGGRESSIVE;
				CLANG_WARN_UNREACHABLE_CODE = YES;
				CLANG_WARN__DUPLICATE_METHOD_MATCH = YES;
				COPY_PHASE_STRIP = NO;
				DEBUG_INFORMATION_FORMAT = dwarf;
				ENABLE_STRICT_OBJC_MSGSEND = YES;
				ENABLE_TESTABILITY = YES;
				GCC_C_LANGUAGE_STANDARD = gnu11;
				GCC_DYNAMIC_NO_PIC = NO;
				GCC_NO_COMMON_BLOCKS = YES;
				GCC_OPTIMIZATION_LEVEL = 0;
				GCC_PREPROCESSOR_DEFINITIONS = (
					"DEBUG=1",
					"$(inherited)",
				);
				GCC_WARN_64_TO_32_BIT_CONVERSION = YES;
				GCC_WARN_ABOUT_RETURN_TYPE = YES_ERROR;
				GCC_WARN_UNDECLARED_SELECTOR = YES;
				GCC_WARN_UNINITIALIZED_AUTOS = YES_AGGRESSIVE;
				GCC_WARN_UNUSED_FUNCTION = YES;
				GCC_WARN_UNUSED_VARIABLE = YES;
				IPHONEOS_DEPLOYMENT_TARGET = 16.2;
				MTL_ENABLE_DEBUG_INFO = INCLUDE_SOURCE;
				MTL_FAST_MATH = YES;
				ONLY_ACTIVE_ARCH = YES;
				SDKROOT = iphoneos;
				SWIFT_ACTIVE_COMPILATION_CONDITIONS = DEBUG;
				SWIFT_OPTIMIZATION_LEVEL = "-Onone";
			};
			name = Debug;
		};
		3B1273C42A20BEF500154FD1 /* Release */ = {
			isa = XCBuildConfiguration;
			buildSettings = {
				ALWAYS_SEARCH_USER_PATHS = NO;
				CLANG_ANALYZER_NONNULL = YES;
				CLANG_ANALYZER_NUMBER_OBJECT_CONVERSION = YES_AGGRESSIVE;
				CLANG_CXX_LANGUAGE_STANDARD = "gnu++20";
				CLANG_ENABLE_MODULES = YES;
				CLANG_ENABLE_OBJC_ARC = YES;
				CLANG_ENABLE_OBJC_WEAK = YES;
				CLANG_WARN_BLOCK_CAPTURE_AUTORELEASING = YES;
				CLANG_WARN_BOOL_CONVERSION = YES;
				CLANG_WARN_COMMA = YES;
				CLANG_WARN_CONSTANT_CONVERSION = YES;
				CLANG_WARN_DEPRECATED_OBJC_IMPLEMENTATIONS = YES;
				CLANG_WARN_DIRECT_OBJC_ISA_USAGE = YES_ERROR;
				CLANG_WARN_DOCUMENTATION_COMMENTS = YES;
				CLANG_WARN_EMPTY_BODY = YES;
				CLANG_WARN_ENUM_CONVERSION = YES;
				CLANG_WARN_INFINITE_RECURSION = YES;
				CLANG_WARN_INT_CONVERSION = YES;
				CLANG_WARN_NON_LITERAL_NULL_CONVERSION = YES;
				CLANG_WARN_OBJC_IMPLICIT_RETAIN_SELF = YES;
				CLANG_WARN_OBJC_LITERAL_CONVERSION = YES;
				CLANG_WARN_OBJC_ROOT_CLASS = YES_ERROR;
				CLANG_WARN_QUOTED_INCLUDE_IN_FRAMEWORK_HEADER = YES;
				CLANG_WARN_RANGE_LOOP_ANALYSIS = YES;
				CLANG_WARN_STRICT_PROTOTYPES = YES;
				CLANG_WARN_SUSPICIOUS_MOVE = YES;
				CLANG_WARN_UNGUARDED_AVAILABILITY = YES_AGGRESSIVE;
				CLANG_WARN_UNREACHABLE_CODE = YES;
				CLANG_WARN__DUPLICATE_METHOD_MATCH = YES;
				COPY_PHASE_STRIP = NO;
				DEBUG_INFORMATION_FORMAT = "dwarf-with-dsym";
				ENABLE_NS_ASSERTIONS = NO;
				ENABLE_STRICT_OBJC_MSGSEND = YES;
				GCC_C_LANGUAGE_STANDARD = gnu11;
				GCC_NO_COMMON_BLOCKS = YES;
				GCC_WARN_64_TO_32_BIT_CONVERSION = YES;
				GCC_WARN_ABOUT_RETURN_TYPE = YES_ERROR;
				GCC_WARN_UNDECLARED_SELECTOR = YES;
				GCC_WARN_UNINITIALIZED_AUTOS = YES_AGGRESSIVE;
				GCC_WARN_UNUSED_FUNCTION = YES;
				GCC_WARN_UNUSED_VARIABLE = YES;
				IPHONEOS_DEPLOYMENT_TARGET = 16.2;
				MTL_ENABLE_DEBUG_INFO = NO;
				MTL_FAST_MATH = YES;
				SDKROOT = iphoneos;
				SWIFT_COMPILATION_MODE = wholemodule;
				SWIFT_OPTIMIZATION_LEVEL = "-O";
				VALIDATE_PRODUCT = YES;
			};
			name = Release;
		};
		3B1273C62A20BEF500154FD1 /* Debug */ = {
			isa = XCBuildConfiguration;
			buildSettings = {
				ASSETCATALOG_COMPILER_APPICON_NAME = AppIcon;
				ASSETCATALOG_COMPILER_GLOBAL_ACCENT_COLOR_NAME = AccentColor;
				CODE_SIGN_STYLE = Automatic;
				CURRENT_PROJECT_VERSION = 1;
				DEVELOPMENT_TEAM = Z548538D96;
				GENERATE_INFOPLIST_FILE = YES;
				INFOPLIST_FILE = WordsApp/Info.plist;
				INFOPLIST_KEY_UIApplicationSupportsIndirectInputEvents = YES;
				INFOPLIST_KEY_UILaunchStoryboardName = LaunchScreen;
				INFOPLIST_KEY_UIMainStoryboardFile = Main;
				INFOPLIST_KEY_UISupportedInterfaceOrientations = UIInterfaceOrientationPortrait;
				INFOPLIST_KEY_UISupportedInterfaceOrientations_iPad = "UIInterfaceOrientationLandscapeLeft UIInterfaceOrientationLandscapeRight UIInterfaceOrientationPortrait UIInterfaceOrientationPortraitUpsideDown";
				LD_RUNPATH_SEARCH_PATHS = (
					"$(inherited)",
					"@executable_path/Frameworks",
				);
				MARKETING_VERSION = 1.0;
				PRODUCT_BUNDLE_IDENTIFIER = info.WordsApp;
				PRODUCT_NAME = "$(TARGET_NAME)";
				SUPPORTED_PLATFORMS = "iphoneos iphonesimulator";
				SUPPORTS_MACCATALYST = NO;
				SUPPORTS_MAC_DESIGNED_FOR_IPHONE_IPAD = NO;
				SWIFT_EMIT_LOC_STRINGS = YES;
				SWIFT_VERSION = 5.0;
				TARGETED_DEVICE_FAMILY = 1;
			};
			name = Debug;
		};
		3B1273C72A20BEF500154FD1 /* Release */ = {
			isa = XCBuildConfiguration;
			buildSettings = {
				ASSETCATALOG_COMPILER_APPICON_NAME = AppIcon;
				ASSETCATALOG_COMPILER_GLOBAL_ACCENT_COLOR_NAME = AccentColor;
				CODE_SIGN_STYLE = Automatic;
				CURRENT_PROJECT_VERSION = 1;
				DEVELOPMENT_TEAM = Z548538D96;
				GENERATE_INFOPLIST_FILE = YES;
				INFOPLIST_FILE = WordsApp/Info.plist;
				INFOPLIST_KEY_UIApplicationSupportsIndirectInputEvents = YES;
				INFOPLIST_KEY_UILaunchStoryboardName = LaunchScreen;
				INFOPLIST_KEY_UIMainStoryboardFile = Main;
				INFOPLIST_KEY_UISupportedInterfaceOrientations = UIInterfaceOrientationPortrait;
				INFOPLIST_KEY_UISupportedInterfaceOrientations_iPad = "UIInterfaceOrientationLandscapeLeft UIInterfaceOrientationLandscapeRight UIInterfaceOrientationPortrait UIInterfaceOrientationPortraitUpsideDown";
				LD_RUNPATH_SEARCH_PATHS = (
					"$(inherited)",
					"@executable_path/Frameworks",
				);
				MARKETING_VERSION = 1.0;
				PRODUCT_BUNDLE_IDENTIFIER = info.WordsApp;
				PRODUCT_NAME = "$(TARGET_NAME)";
				SUPPORTED_PLATFORMS = "iphoneos iphonesimulator";
				SUPPORTS_MACCATALYST = NO;
				SUPPORTS_MAC_DESIGNED_FOR_IPHONE_IPAD = NO;
				SWIFT_EMIT_LOC_STRINGS = YES;
				SWIFT_VERSION = 5.0;
				TARGETED_DEVICE_FAMILY = 1;
			};
			name = Release;
		};
/* End XCBuildConfiguration section */

/* Begin XCConfigurationList section */
		3B1273AC2A20BEF400154FD1 /* Build configuration list for PBXProject "WordsApp" */ = {
			isa = XCConfigurationList;
			buildConfigurations = (
				3B1273C32A20BEF500154FD1 /* Debug */,
				3B1273C42A20BEF500154FD1 /* Release */,
			);
			defaultConfigurationIsVisible = 0;
			defaultConfigurationName = Release;
		};
		3B1273C52A20BEF500154FD1 /* Build configuration list for PBXNativeTarget "WordsApp" */ = {
			isa = XCConfigurationList;
			buildConfigurations = (
				3B1273C62A20BEF500154FD1 /* Debug */,
				3B1273C72A20BEF500154FD1 /* Release */,
			);
			defaultConfigurationIsVisible = 0;
			defaultConfigurationName = Release;
		};
/* End XCConfigurationList section */

/* Begin XCSwiftPackageProductDependency section */
		3B1273D02A20C92B00154FD1 /* NetworkPackage */ = {
			isa = XCSwiftPackageProductDependency;
			productName = NetworkPackage;
		};
/* End XCSwiftPackageProductDependency section */

/* Begin XCVersionGroup section */
		3B9BEC232A263BA9005B204F /* RecentSearch.xcdatamodeld */ = {
			isa = XCVersionGroup;
			children = (
				3B9BEC242A263BA9005B204F /* RecentSearch.xcdatamodel */,
			);
			currentVersion = 3B9BEC242A263BA9005B204F /* RecentSearch.xcdatamodel */;
			path = RecentSearch.xcdatamodeld;
			sourceTree = "<group>";
			versionGroupType = wrapper.xcdatamodel;
		};
/* End XCVersionGroup section */
	};
	rootObject = 3B1273A92A20BEF400154FD1 /* Project object */;
}
